%{"common_lib": {:git, "https://github.com/funbox/common_lib.git", "b9a51cdd2284e16f72edc89d9598b61c014e369b", []},
  "goldrush": {:git, "https://github.com/basho/goldrush.git", "8f1b715d36b650ec1e1f5612c00e28af6ab0de82", [tag: "0.1.9"]},
  "lager": {:git, "https://github.com/basho/lager.git", "81eaef0ce98fdbf64ab95665e3bc2ec4b24c7dac", []},
  "oserl": {:git, "https://github.com/funbox/oserl.git", "4bb3d96dd2bab65c75c79ce58161ef4056cb798b", []},
  "ranch": {:hex, :ranch, "1.4.0", "10272f95da79340fa7e8774ba7930b901713d272905d0012b06ca6d994f8826b", [], [], "hexpm"},
  "smppex": {:hex, :smppex, "2.0.0", "7c5259c588e29afe3b394462d6cff128f189dcc61b699f51681317f016c8748a", [], [{:ranch, "~> 1.4", [hex: :ranch, repo: "hexpm", optional: false]}], "hexpm"}}
